
Microsoft Visual Studio Solution File, Format Version 12.00
# Visual Studio Version 17
VisualStudioVersion = 17.6.33829.357
MinimumVisualStudioVersion = 10.0.40219.1
Project("{FAE04EC0-301F-11D3-BF4B-00C04F79EFBC}") = "WCF_SERVER", "WCF_SERVER.csproj", "{606BB080-1AAB-475F-B834-2AA946EEEA61}"
EndProject
Global
	GlobalSection(SolutionConfigurationPlatforms) = preSolution
		Debug|Any CPU = Debug|Any CPU
		Release|Any CPU = Release|Any CPU
	EndGlobalSection
	GlobalSection(ProjectConfigurationPlatforms) = postSolution
		{606BB080-1AAB-475F-B834-2AA946EEEA61}.Debug|Any CPU.ActiveCfg = Debug|Any CPU
		{606BB080-1AAB-475F-B834-2AA946EEEA61}.Debug|Any CPU.Build.0 = Debug|Any CPU
		{606BB080-1AAB-475F-B834-2AA946EEEA61}.Release|Any CPU.ActiveCfg = Release|Any CPU
		{606BB080-1AAB-475F-B834-2AA946EEEA61}.Release|Any CPU.Build.0 = Release|Any CPU
	EndGlobalSection
	GlobalSection(SolutionProperties) = preSolution
		HideSolutionNode = FALSE
	EndGlobalSection
	GlobalSection(ExtensibilityGlobals) = postSolution
		SolutionGuid = {FC5F699C-78B1-44C1-98DF-92E14CEC6F91}
	EndGlobalSection
EndGlobal
